PODS:
  - Kingfisher (3.9.1)
  - MQPhotoBrowser (0.1.0):
    - Kingfisher

DEPENDENCIES:
  - MQPhotoBrowser (from `../../MQPhotoBrower`)

EXTERNAL SOURCES:
  MQPhotoBrowser:
    :path: ../../MQPhotoBrower

SPEC CHECKSUMS:
  Kingfisher: 6729a0baaa458245bfb8cd5a1296c71c10d6eb6c
  MQPhotoBrowser: fef4c23ebe5e13fc41b374af9352695f1d6d1cec

PODFILE CHECKSUM: 330a457d865086066cb54e8cbf2227f33b760c53

COCOAPODS: 1.2.1
